
Microsoft Visual Studio Solution File, Format Version 12.00
# Visual Studio 15
VisualStudioVersion = 15.0.28010.2036
MinimumVisualStudioVersion = 10.0.40219.1
Project("{FAE04EC0-301F-11D3-BF4B-00C04F79EFBC}") = "XProxy", "XProxy\XProxy.csproj", "{E2BA9F2D-AE8E-40AD-A18D-CB99AF3EE765}"
EndProject
Project("{2150E333-8FDC-42A3-9474-1A3956D46DE8}") = "Other", "Other", "{51A279CA-D58B-4E8C-89D3-89EC10873C14}"
	ProjectSection(SolutionItems) = preProject
		Readme.MD = Readme.MD
	EndProjectSection
EndProject
Global
	GlobalSection(SolutionConfigurationPlatforms) = preSolution
		Debug|Any CPU = Debug|Any CPU
		Release|Any CPU = Release|Any CPU
	EndGlobalSection
	GlobalSection(ProjectConfigurationPlatforms) = postSolution
		{E2BA9F2D-AE8E-40AD-A18D-CB99AF3EE765}.Debug|Any CPU.ActiveCfg = Debug|Any CPU
		{E2BA9F2D-AE8E-40AD-A18D-CB99AF3EE765}.Debug|Any CPU.Build.0 = Debug|Any CPU
		{E2BA9F2D-AE8E-40AD-A18D-CB99AF3EE765}.Release|Any CPU.ActiveCfg = Release|Any CPU
		{E2BA9F2D-AE8E-40AD-A18D-CB99AF3EE765}.Release|Any CPU.Build.0 = Release|Any CPU
	EndGlobalSection
	GlobalSection(SolutionProperties) = preSolution
		HideSolutionNode = FALSE
	EndGlobalSection
	GlobalSection(ExtensibilityGlobals) = postSolution
		SolutionGuid = {EF0B8BE3-C688-4539-99F3-3BCD7360ED9C}
	EndGlobalSection
EndGlobal
